
Microsoft Visual Studio Solution File, Format Version 12.00
# Visual Studio Version 16
VisualStudioVersion = 16.0.29519.87
MinimumVisualStudioVersion = 10.0.40219.1
Project("{FAE04EC0-301F-11D3-BF4B-00C04F79EFBC}") = "BinaryTree", "BinaryTree\BinaryTree.csproj", "{66D367B5-0C12-44E5-8768-017DF8FD372E}"
EndProject
Global
	GlobalSection(SolutionConfigurationPlatforms) = preSolution
		Debug|Any CPU = Debug|Any CPU
		Release|Any CPU = Release|Any CPU
	EndGlobalSection
	GlobalSection(ProjectConfigurationPlatforms) = postSolution
		{66D367B5-0C12-44E5-8768-017DF8FD372E}.Debug|Any CPU.ActiveCfg = Debug|Any CPU
		{66D367B5-0C12-44E5-8768-017DF8FD372E}.Debug|Any CPU.Build.0 = Debug|Any CPU
		{66D367B5-0C12-44E5-8768-017DF8FD372E}.Release|Any CPU.ActiveCfg = Release|Any CPU
		{66D367B5-0C12-44E5-8768-017DF8FD372E}.Release|Any CPU.Build.0 = Release|Any CPU
	EndGlobalSection
	GlobalSection(SolutionProperties) = preSolution
		HideSolutionNode = FALSE
	EndGlobalSection
	GlobalSection(ExtensibilityGlobals) = postSolution
		SolutionGuid = {200CE203-30AF-4D0B-9FB9-26096A80E617}
	EndGlobalSection
EndGlobal
